
Microsoft Visual Studio Solution File, Format Version 12.00
# Visual Studio 15
VisualStudioVersion = 15.0.27130.2020
MinimumVisualStudioVersion = 10.0.40219.1
Project("{FAE04EC0-301F-11D3-BF4B-00C04F79EFBC}") = "BlogDoGabrielAbee", "BlogDoGabrielAbee\BlogDoGabrielAbee.csproj", "{4E5FBE19-D82D-4DF5-8E83-BEB932CDDE10}"
EndProject
Global
	GlobalSection(SolutionConfigurationPlatforms) = preSolution
		Debug|Any CPU = Debug|Any CPU
		Release|Any CPU = Release|Any CPU
	EndGlobalSection
	GlobalSection(ProjectConfigurationPlatforms) = postSolution
		{4E5FBE19-D82D-4DF5-8E83-BEB932CDDE10}.Debug|Any CPU.ActiveCfg = Debug|Any CPU
		{4E5FBE19-D82D-4DF5-8E83-BEB932CDDE10}.Debug|Any CPU.Build.0 = Debug|Any CPU
		{4E5FBE19-D82D-4DF5-8E83-BEB932CDDE10}.Release|Any CPU.ActiveCfg = Release|Any CPU
		{4E5FBE19-D82D-4DF5-8E83-BEB932CDDE10}.Release|Any CPU.Build.0 = Release|Any CPU
	EndGlobalSection
	GlobalSection(SolutionProperties) = preSolution
		HideSolutionNode = FALSE
	EndGlobalSection
	GlobalSection(ExtensibilityGlobals) = postSolution
		SolutionGuid = {6B09E0DD-D38F-4693-B5F9-266DE523E778}
	EndGlobalSection
EndGlobal
